
Microsoft Visual Studio Solution File, Format Version 12.00
# Visual Studio Version 16
VisualStudioVersion = 16.0.31515.178
MinimumVisualStudioVersion = 10.0.40219.1
Project("{FAE04EC0-301F-11D3-BF4B-00C04F79EFBC}") = "reko-avalonia", "reko-avalonia\reko-avalonia.csproj", "{E311EEA6-0C76-4D9A-ACB5-27E1507CA66A}"
EndProject
Global
	GlobalSection(SolutionConfigurationPlatforms) = preSolution
		Debug|Any CPU = Debug|Any CPU
		Release|Any CPU = Release|Any CPU
	EndGlobalSection
	GlobalSection(ProjectConfigurationPlatforms) = postSolution
		{E311EEA6-0C76-4D9A-ACB5-27E1507CA66A}.Debug|Any CPU.ActiveCfg = Debug|Any CPU
		{E311EEA6-0C76-4D9A-ACB5-27E1507CA66A}.Debug|Any CPU.Build.0 = Debug|Any CPU
		{E311EEA6-0C76-4D9A-ACB5-27E1507CA66A}.Release|Any CPU.ActiveCfg = Release|Any CPU
		{E311EEA6-0C76-4D9A-ACB5-27E1507CA66A}.Release|Any CPU.Build.0 = Release|Any CPU
	EndGlobalSection
	GlobalSection(SolutionProperties) = preSolution
		HideSolutionNode = FALSE
	EndGlobalSection
	GlobalSection(ExtensibilityGlobals) = postSolution
		SolutionGuid = {40624EDB-B84A-4900-92B5-F77B4A496D05}
	EndGlobalSection
EndGlobal
